
Microsoft Visual Studio Solution File, Format Version 12.00
# Visual Studio Version 16
VisualStudioVersion = 25.0.1706.7
MinimumVisualStudioVersion = 10.0.40219.1
Project("{FAE04EC0-301F-11D3-BF4B-00C04F79EFBC}") = "CoinTrackerHistory.API", "CoinTrackerHistory.API\CoinTrackerHistory.API.csproj", "{39290C8E-2BC6-47F0-A816-3FDED8D2406A}"
EndProject
Project("{FAE04EC0-301F-11D3-BF4B-00C04F79EFBC}") = "CoinTrackerHistory.Core", "CoinTrackerHistory.Core\CoinTrackerHistory.Core.csproj", "{5881E90C-1192-4549-B359-F2D1E5869E6E}"
EndProject
Project("{FAE04EC0-301F-11D3-BF4B-00C04F79EFBC}") = "CoinTrackerHistory.Demo", "CoinTrackerHistory.Demo\CoinTrackerHistory.Demo.csproj", "{46B0A462-8CEC-43ED-847F-C8F8264796F2}"
EndProject
Global
	GlobalSection(SolutionConfigurationPlatforms) = preSolution
		Debug|Any CPU = Debug|Any CPU
		Release|Any CPU = Release|Any CPU
	EndGlobalSection
	GlobalSection(ProjectConfigurationPlatforms) = postSolution
		{39290C8E-2BC6-47F0-A816-3FDED8D2406A}.Debug|Any CPU.ActiveCfg = Debug|Any CPU
		{39290C8E-2BC6-47F0-A816-3FDED8D2406A}.Debug|Any CPU.Build.0 = Debug|Any CPU
		{39290C8E-2BC6-47F0-A816-3FDED8D2406A}.Release|Any CPU.ActiveCfg = Release|Any CPU
		{39290C8E-2BC6-47F0-A816-3FDED8D2406A}.Release|Any CPU.Build.0 = Release|Any CPU
		{5881E90C-1192-4549-B359-F2D1E5869E6E}.Debug|Any CPU.ActiveCfg = Debug|Any CPU
		{5881E90C-1192-4549-B359-F2D1E5869E6E}.Debug|Any CPU.Build.0 = Debug|Any CPU
		{5881E90C-1192-4549-B359-F2D1E5869E6E}.Release|Any CPU.ActiveCfg = Release|Any CPU
		{5881E90C-1192-4549-B359-F2D1E5869E6E}.Release|Any CPU.Build.0 = Release|Any CPU
		{46B0A462-8CEC-43ED-847F-C8F8264796F2}.Debug|Any CPU.ActiveCfg = Debug|Any CPU
		{46B0A462-8CEC-43ED-847F-C8F8264796F2}.Debug|Any CPU.Build.0 = Debug|Any CPU
		{46B0A462-8CEC-43ED-847F-C8F8264796F2}.Release|Any CPU.ActiveCfg = Release|Any CPU
		{46B0A462-8CEC-43ED-847F-C8F8264796F2}.Release|Any CPU.Build.0 = Release|Any CPU
	EndGlobalSection
	GlobalSection(SolutionProperties) = preSolution
		HideSolutionNode = FALSE
	EndGlobalSection
	GlobalSection(ExtensibilityGlobals) = postSolution
		SolutionGuid = {8363D6FB-C3D2-4951-AFC1-F472F106B0AF}
	EndGlobalSection
EndGlobal
